
Microsoft Visual Studio Solution File, Format Version 12.00
# Visual Studio Version 16
VisualStudioVersion = 16.0.29424.173
MinimumVisualStudioVersion = 10.0.40219.1
Project("{FAE04EC0-301F-11D3-BF4B-00C04F79EFBC}") = "WaterClassifierRNA", "WaterClassifierRNA\WaterClassifierRNA.csproj", "{4095291F-3A9A-4EBE-B95D-490F1F17D410}"
EndProject
Project("{9A19103F-16F7-4668-BE54-9A1E7A4F7556}") = "DAL", "DAL\DAL.csproj", "{EDFD6B84-F069-456B-A9B7-89593EF6E9A4}"
EndProject
Project("{9A19103F-16F7-4668-BE54-9A1E7A4F7556}") = "BLL", "BLL\BLL.csproj", "{541B2CC5-C31A-4AC3-A58A-2F613A3F26FA}"
EndProject
Project("{FAE04EC0-301F-11D3-BF4B-00C04F79EFBC}") = "Models", "Models\Models.csproj", "{A0E03AD4-813C-416C-A910-C5AC7D220AD8}"
EndProject
Global
	GlobalSection(SolutionConfigurationPlatforms) = preSolution
		Debug|Any CPU = Debug|Any CPU
		Release|Any CPU = Release|Any CPU
	EndGlobalSection
	GlobalSection(ProjectConfigurationPlatforms) = postSolution
		{4095291F-3A9A-4EBE-B95D-490F1F17D410}.Debug|Any CPU.ActiveCfg = Debug|Any CPU
		{4095291F-3A9A-4EBE-B95D-490F1F17D410}.Debug|Any CPU.Build.0 = Debug|Any CPU
		{4095291F-3A9A-4EBE-B95D-490F1F17D410}.Release|Any CPU.ActiveCfg = Release|Any CPU
		{4095291F-3A9A-4EBE-B95D-490F1F17D410}.Release|Any CPU.Build.0 = Release|Any CPU
		{EDFD6B84-F069-456B-A9B7-89593EF6E9A4}.Debug|Any CPU.ActiveCfg = Debug|Any CPU
		{EDFD6B84-F069-456B-A9B7-89593EF6E9A4}.Debug|Any CPU.Build.0 = Debug|Any CPU
		{EDFD6B84-F069-456B-A9B7-89593EF6E9A4}.Release|Any CPU.ActiveCfg = Release|Any CPU
		{EDFD6B84-F069-456B-A9B7-89593EF6E9A4}.Release|Any CPU.Build.0 = Release|Any CPU
		{541B2CC5-C31A-4AC3-A58A-2F613A3F26FA}.Debug|Any CPU.ActiveCfg = Debug|Any CPU
		{541B2CC5-C31A-4AC3-A58A-2F613A3F26FA}.Debug|Any CPU.Build.0 = Debug|Any CPU
		{541B2CC5-C31A-4AC3-A58A-2F613A3F26FA}.Release|Any CPU.ActiveCfg = Release|Any CPU
		{541B2CC5-C31A-4AC3-A58A-2F613A3F26FA}.Release|Any CPU.Build.0 = Release|Any CPU
		{A0E03AD4-813C-416C-A910-C5AC7D220AD8}.Debug|Any CPU.ActiveCfg = Debug|Any CPU
		{A0E03AD4-813C-416C-A910-C5AC7D220AD8}.Debug|Any CPU.Build.0 = Debug|Any CPU
		{A0E03AD4-813C-416C-A910-C5AC7D220AD8}.Release|Any CPU.ActiveCfg = Release|Any CPU
		{A0E03AD4-813C-416C-A910-C5AC7D220AD8}.Release|Any CPU.Build.0 = Release|Any CPU
	EndGlobalSection
	GlobalSection(SolutionProperties) = preSolution
		HideSolutionNode = FALSE
	EndGlobalSection
	GlobalSection(ExtensibilityGlobals) = postSolution
		SolutionGuid = {35E106A6-47EE-4305-8BC9-ECA7DF1A447B}
	EndGlobalSection
EndGlobal
